
Microsoft Visual Studio Solution File, Format Version 12.00
# Visual Studio Version 16
VisualStudioVersion = 25.0.1704.0
MinimumVisualStudioVersion = 10.0.40219.1
Project("{2150E333-8FDC-42A3-9474-1A3956D46DE8}") = "Microservices", "Microservices", "{F9212067-E246-4803-8263-25344BCC70E5}"
EndProject
Project("{FAE04EC0-301F-11D3-BF4B-00C04F79EFBC}") = "IdentityService", "Microservices\IdentityService\IdentityService.csproj", "{48EA359C-3C92-403B-9F40-526CEA7A63E9}"
EndProject
Project("{FAE04EC0-301F-11D3-BF4B-00C04F79EFBC}") = "DocumentService", "Microservices\DocumentService\DocumentService.csproj", "{AD33ABDF-7393-4445-A824-9A79D73A60A6}"
EndProject
Project("{2150E333-8FDC-42A3-9474-1A3956D46DE8}") = "EntityFramework", "EntityFramework", "{75E1E0E9-13CA-46EC-97C3-023B9B972884}"
EndProject
Project("{FAE04EC0-301F-11D3-BF4B-00C04F79EFBC}") = "EntityFramework.Identity", "EntityFramework\EntityFramework.Identity\EntityFramework.Identity.csproj", "{A2C56F20-8A4A-4388-9193-1B36A9AEA94D}"
EndProject
Project("{FAE04EC0-301F-11D3-BF4B-00C04F79EFBC}") = "EntityFramework.Document", "EntityFramework\EntityFramework.Document\EntityFramework.Document.csproj", "{55B7E9A4-8D9A-4B98-8C94-5B3878F5128C}"
EndProject
Global
	GlobalSection(SolutionConfigurationPlatforms) = preSolution
		Debug|Any CPU = Debug|Any CPU
		Release|Any CPU = Release|Any CPU
	EndGlobalSection
	GlobalSection(ProjectConfigurationPlatforms) = postSolution
		{48EA359C-3C92-403B-9F40-526CEA7A63E9}.Debug|Any CPU.ActiveCfg = Debug|Any CPU
		{48EA359C-3C92-403B-9F40-526CEA7A63E9}.Debug|Any CPU.Build.0 = Debug|Any CPU
		{48EA359C-3C92-403B-9F40-526CEA7A63E9}.Release|Any CPU.ActiveCfg = Release|Any CPU
		{48EA359C-3C92-403B-9F40-526CEA7A63E9}.Release|Any CPU.Build.0 = Release|Any CPU
		{AD33ABDF-7393-4445-A824-9A79D73A60A6}.Debug|Any CPU.ActiveCfg = Debug|Any CPU
		{AD33ABDF-7393-4445-A824-9A79D73A60A6}.Debug|Any CPU.Build.0 = Debug|Any CPU
		{AD33ABDF-7393-4445-A824-9A79D73A60A6}.Release|Any CPU.ActiveCfg = Release|Any CPU
		{AD33ABDF-7393-4445-A824-9A79D73A60A6}.Release|Any CPU.Build.0 = Release|Any CPU
		{A2C56F20-8A4A-4388-9193-1B36A9AEA94D}.Debug|Any CPU.ActiveCfg = Debug|Any CPU
		{A2C56F20-8A4A-4388-9193-1B36A9AEA94D}.Debug|Any CPU.Build.0 = Debug|Any CPU
		{A2C56F20-8A4A-4388-9193-1B36A9AEA94D}.Release|Any CPU.ActiveCfg = Release|Any CPU
		{A2C56F20-8A4A-4388-9193-1B36A9AEA94D}.Release|Any CPU.Build.0 = Release|Any CPU
		{55B7E9A4-8D9A-4B98-8C94-5B3878F5128C}.Debug|Any CPU.ActiveCfg = Debug|Any CPU
		{55B7E9A4-8D9A-4B98-8C94-5B3878F5128C}.Debug|Any CPU.Build.0 = Debug|Any CPU
		{55B7E9A4-8D9A-4B98-8C94-5B3878F5128C}.Release|Any CPU.ActiveCfg = Release|Any CPU
		{55B7E9A4-8D9A-4B98-8C94-5B3878F5128C}.Release|Any CPU.Build.0 = Release|Any CPU
	EndGlobalSection
	GlobalSection(SolutionProperties) = preSolution
		HideSolutionNode = FALSE
	EndGlobalSection
	GlobalSection(ExtensibilityGlobals) = postSolution
		SolutionGuid = {7230E54F-3CBF-4607-9042-C1FB4A471191}
	EndGlobalSection
	GlobalSection(NestedProjects) = preSolution
		{48EA359C-3C92-403B-9F40-526CEA7A63E9} = {F9212067-E246-4803-8263-25344BCC70E5}
		{AD33ABDF-7393-4445-A824-9A79D73A60A6} = {F9212067-E246-4803-8263-25344BCC70E5}
		{A2C56F20-8A4A-4388-9193-1B36A9AEA94D} = {75E1E0E9-13CA-46EC-97C3-023B9B972884}
		{55B7E9A4-8D9A-4B98-8C94-5B3878F5128C} = {75E1E0E9-13CA-46EC-97C3-023B9B972884}
	EndGlobalSection
EndGlobal
